
Microsoft Visual Studio Solution File, Format Version 12.00
# Visual Studio Version 17
VisualStudioVersion = 17.3.32901.215
MinimumVisualStudioVersion = 10.0.40219.1
Project("{FAE04EC0-301F-11D3-BF4B-00C04F79EFBC}") = "DemoWeb", "DemoWeb\DemoWeb.csproj", "{3E798195-288A-4A8A-8CB6-22D130B777D6}"
EndProject
Global
	GlobalSection(SolutionConfigurationPlatforms) = preSolution
		Debug|Any CPU = Debug|Any CPU
		Release|Any CPU = Release|Any CPU
	EndGlobalSection
	GlobalSection(ProjectConfigurationPlatforms) = postSolution
		{3E798195-288A-4A8A-8CB6-22D130B777D6}.Debug|Any CPU.ActiveCfg = Debug|Any CPU
		{3E798195-288A-4A8A-8CB6-22D130B777D6}.Debug|Any CPU.Build.0 = Debug|Any CPU
		{3E798195-288A-4A8A-8CB6-22D130B777D6}.Release|Any CPU.ActiveCfg = Release|Any CPU
		{3E798195-288A-4A8A-8CB6-22D130B777D6}.Release|Any CPU.Build.0 = Release|Any CPU
	EndGlobalSection
	GlobalSection(SolutionProperties) = preSolution
		HideSolutionNode = FALSE
	EndGlobalSection
	GlobalSection(ExtensibilityGlobals) = postSolution
		SolutionGuid = {162A7C6D-4C01-4800-A032-4486884681E3}
	EndGlobalSection
EndGlobal
